
Microsoft Visual Studio Solution File, Format Version 12.00
# Visual Studio Version 16
VisualStudioVersion = 16.0.31911.196
MinimumVisualStudioVersion = 10.0.40219.1
Project("{FAE04EC0-301F-11D3-BF4B-00C04F79EFBC}") = "ProjectCreateBase", "ProjectCreateBase\ProjectCreateBase.csproj", "{7223E512-92E9-49C9-ABEC-66205525E142}"
EndProject
Global
	GlobalSection(SolutionConfigurationPlatforms) = preSolution
		Debug|Any CPU = Debug|Any CPU
		Release|Any CPU = Release|Any CPU
	EndGlobalSection
	GlobalSection(ProjectConfigurationPlatforms) = postSolution
		{7223E512-92E9-49C9-ABEC-66205525E142}.Debug|Any CPU.ActiveCfg = Debug|Any CPU
		{7223E512-92E9-49C9-ABEC-66205525E142}.Debug|Any CPU.Build.0 = Debug|Any CPU
		{7223E512-92E9-49C9-ABEC-66205525E142}.Release|Any CPU.ActiveCfg = Release|Any CPU
		{7223E512-92E9-49C9-ABEC-66205525E142}.Release|Any CPU.Build.0 = Release|Any CPU
	EndGlobalSection
	GlobalSection(SolutionProperties) = preSolution
		HideSolutionNode = FALSE
	EndGlobalSection
	GlobalSection(ExtensibilityGlobals) = postSolution
		SolutionGuid = {DBB9EA80-FEF0-4E77-90CF-DF6002FEA493}
	EndGlobalSection
EndGlobal
